{
  "name": "consumer",
  "version": "1.0.0",
  "lockfileVersion": 2,
  "requires": true,
  "packages": {
    "": {
      "name": "consumer",
      "version": "1.0.0",
      "license": "ISC",
      "dependencies": {
        "@dosimpact/hi": "^0.1.0"
      }
    },
    "node_modules/@dosimpact/hi": {
      "version": "0.1.3",
      "resolved": "https://registry.npmjs.org/@dosimpact/hi/-/hi-0.1.3.tgz",
      "integrity": "sha512-kzaJUauIn8aFbOfj06ooUh0uf+O7UGYkS6WbtDczYJmKDcs3mpNg7NZxHjn70byg+a4AM6nLPX1TAUHfRJf6Mg==",
      "bin": {
        "say-hi": "cli.js"
      }
    }
  },
  "dependencies": {
    "@dosimpact/hi": {
      "version": "0.1.3",
      "resolved": "https://registry.npmjs.org/@dosimpact/hi/-/hi-0.1.3.tgz",
      "integrity": "sha512-kzaJUauIn8aFbOfj06ooUh0uf+O7UGYkS6WbtDczYJmKDcs3mpNg7NZxHjn70byg+a4AM6nLPX1TAUHfRJf6Mg=="
    }
  }
}
