{
  "name": "promise-pool",
  "version": "1.0.0",
  "lockfileVersion": 2,
  "requires": true,
  "packages": {
    "": {
      "name": "promise-pool",
      "version": "1.0.0",
      "license": "ISC",
      "dependencies": {
        "@supercharge/promise-pool": "^2.3.2"
      }
    },
    "node_modules/@supercharge/promise-pool": {
      "version": "2.3.2",
      "resolved": "https://registry.npmjs.org/@supercharge/promise-pool/-/promise-pool-2.3.2.tgz",
      "integrity": "sha512-f5+C7zv+QQivcUO1FH5lXi7GcuJ3CFuJF3Eg06iArhUs5ma0szCLEQwIY4+VQyh7m/RLVZdzvr4E4ZDnLe9MNg==",
      "engines": {
        "node": ">=8"
      }
    }
  },
  "dependencies": {
    "@supercharge/promise-pool": {
      "version": "2.3.2",
      "resolved": "https://registry.npmjs.org/@supercharge/promise-pool/-/promise-pool-2.3.2.tgz",
      "integrity": "sha512-f5+C7zv+QQivcUO1FH5lXi7GcuJ3CFuJF3Eg06iArhUs5ma0szCLEQwIY4+VQyh7m/RLVZdzvr4E4ZDnLe9MNg=="
    }
  }
}
